
Microsoft Visual Studio Solution File, Format Version 11.00
# Visual Studio 2010
Project("{FAE04EC0-301F-11D3-BF4B-00C04F79EFBC}") = "LeanTouch", "LeanTouch.csproj", "{74d7c3dc-f8cd-c29b-f7cb-029edf3d1b03}"
EndProject
Project("{FAE04EC0-301F-11D3-BF4B-00C04F79EFBC}") = "Assembly-CSharp", "Assembly-CSharp.csproj", "{04c62418-7a25-e1d7-76d8-2069aebb2f54}"
EndProject
Project("{FAE04EC0-301F-11D3-BF4B-00C04F79EFBC}") = "LeanCommon", "LeanCommon.csproj", "{e0ff82e6-1aad-621b-1360-c5ca23c3e2e0}"
EndProject
Project("{FAE04EC0-301F-11D3-BF4B-00C04F79EFBC}") = "EditorMigrationScripts", "EditorMigrationScripts.csproj", "{d378ffcb-5943-b2a1-67cb-df2c9013b66c}"
EndProject
Global
	GlobalSection(SolutionConfigurationPlatforms) = preSolution
		Debug|Any CPU = Debug|Any CPU
	EndGlobalSection
	GlobalSection(ProjectConfigurationPlatforms) = postSolution
		{74d7c3dc-f8cd-c29b-f7cb-029edf3d1b03}.Debug|Any CPU.ActiveCfg = Debug|Any CPU
		{74d7c3dc-f8cd-c29b-f7cb-029edf3d1b03}.Debug|Any CPU.Build.0 = Debug|Any CPU
		{04c62418-7a25-e1d7-76d8-2069aebb2f54}.Debug|Any CPU.ActiveCfg = Debug|Any CPU
		{04c62418-7a25-e1d7-76d8-2069aebb2f54}.Debug|Any CPU.Build.0 = Debug|Any CPU
		{e0ff82e6-1aad-621b-1360-c5ca23c3e2e0}.Debug|Any CPU.ActiveCfg = Debug|Any CPU
		{e0ff82e6-1aad-621b-1360-c5ca23c3e2e0}.Debug|Any CPU.Build.0 = Debug|Any CPU
		{d378ffcb-5943-b2a1-67cb-df2c9013b66c}.Debug|Any CPU.ActiveCfg = Debug|Any CPU
		{d378ffcb-5943-b2a1-67cb-df2c9013b66c}.Debug|Any CPU.Build.0 = Debug|Any CPU
	EndGlobalSection
	GlobalSection(SolutionProperties) = preSolution
		HideSolutionNode = FALSE
	EndGlobalSection
EndGlobal
